
Microsoft Visual Studio Solution File, Format Version 12.00
# Visual Studio Version 16
VisualStudioVersion = 16.0.31313.79
MinimumVisualStudioVersion = 10.0.40219.1
Project("{FAE04EC0-301F-11D3-BF4B-00C04F79EFBC}") = "AutoGeneratedApiClient", "AutoGeneratedApiClient\AutoGeneratedApiClient.csproj", "{4DCC7B88-FF0A-44AF-A9F9-637EA1301635}"
EndProject
Project("{FAE04EC0-301F-11D3-BF4B-00C04F79EFBC}") = "Publisher", "Publisher\Publisher.csproj", "{6C5A8318-5F06-425D-A564-66638D73502A}"
EndProject
Project("{FAE04EC0-301F-11D3-BF4B-00C04F79EFBC}") = "MyCompany.Api.Clients.WeatherForecastClient", "MyCompany.Api.Clients.WeatherForecastClient\MyCompany.Api.Clients.WeatherForecastClient.csproj", "{95A3519E-83D1-4791-8FAF-8D1AB5DFB16A}"
EndProject
Project("{FAE04EC0-301F-11D3-BF4B-00C04F79EFBC}") = "WeatherApiConsoleCheck", "WeatherApiConsoleCheck\WeatherApiConsoleCheck.csproj", "{145E8E8A-FFE0-4A49-926C-99BA83A899D3}"
EndProject
Global
	GlobalSection(SolutionConfigurationPlatforms) = preSolution
		Debug|Any CPU = Debug|Any CPU
		Release|Any CPU = Release|Any CPU
	EndGlobalSection
	GlobalSection(ProjectConfigurationPlatforms) = postSolution
		{4DCC7B88-FF0A-44AF-A9F9-637EA1301635}.Debug|Any CPU.ActiveCfg = Debug|Any CPU
		{4DCC7B88-FF0A-44AF-A9F9-637EA1301635}.Debug|Any CPU.Build.0 = Debug|Any CPU
		{4DCC7B88-FF0A-44AF-A9F9-637EA1301635}.Release|Any CPU.ActiveCfg = Release|Any CPU
		{4DCC7B88-FF0A-44AF-A9F9-637EA1301635}.Release|Any CPU.Build.0 = Release|Any CPU
		{6C5A8318-5F06-425D-A564-66638D73502A}.Debug|Any CPU.ActiveCfg = Debug|Any CPU
		{6C5A8318-5F06-425D-A564-66638D73502A}.Debug|Any CPU.Build.0 = Debug|Any CPU
		{6C5A8318-5F06-425D-A564-66638D73502A}.Release|Any CPU.ActiveCfg = Release|Any CPU
		{6C5A8318-5F06-425D-A564-66638D73502A}.Release|Any CPU.Build.0 = Release|Any CPU
		{95A3519E-83D1-4791-8FAF-8D1AB5DFB16A}.Debug|Any CPU.ActiveCfg = Debug|Any CPU
		{95A3519E-83D1-4791-8FAF-8D1AB5DFB16A}.Debug|Any CPU.Build.0 = Debug|Any CPU
		{95A3519E-83D1-4791-8FAF-8D1AB5DFB16A}.Release|Any CPU.ActiveCfg = Release|Any CPU
		{95A3519E-83D1-4791-8FAF-8D1AB5DFB16A}.Release|Any CPU.Build.0 = Release|Any CPU
		{145E8E8A-FFE0-4A49-926C-99BA83A899D3}.Debug|Any CPU.ActiveCfg = Debug|Any CPU
		{145E8E8A-FFE0-4A49-926C-99BA83A899D3}.Debug|Any CPU.Build.0 = Debug|Any CPU
		{145E8E8A-FFE0-4A49-926C-99BA83A899D3}.Release|Any CPU.ActiveCfg = Release|Any CPU
		{145E8E8A-FFE0-4A49-926C-99BA83A899D3}.Release|Any CPU.Build.0 = Release|Any CPU
	EndGlobalSection
	GlobalSection(SolutionProperties) = preSolution
		HideSolutionNode = FALSE
	EndGlobalSection
	GlobalSection(ExtensibilityGlobals) = postSolution
		SolutionGuid = {DFB4F2ED-D3BE-4B63-AD7C-11F45C9AB155}
	EndGlobalSection
EndGlobal
